
Microsoft Visual Studio Solution File, Format Version 11.00
# Visual Studio 2010
Project("{FAE04EC0-301F-11D3-BF4B-00C04F79EFBC}") = "InteractionTutorial", "Assembly-CSharp.csproj", "{9CC63C0C-25DE-DD51-8C26-7E8A6CEA2FDD}"
EndProject
Project("{FAE04EC0-301F-11D3-BF4B-00C04F79EFBC}") = "InteractionTutorial", "Assembly-CSharp-Editor.csproj", "{DF70B519-92E3-C46B-6D25-FA23F94A55DE}"
EndProject
Global
	GlobalSection(SolutionConfigurationPlatforms) = preSolution
		Debug|Any CPU = Debug|Any CPU
		Release|Any CPU = Release|Any CPU
	EndGlobalSection
	GlobalSection(ProjectConfigurationPlatforms) = postSolution
		{9CC63C0C-25DE-DD51-8C26-7E8A6CEA2FDD}.Debug|Any CPU.ActiveCfg = Debug|Any CPU
		{9CC63C0C-25DE-DD51-8C26-7E8A6CEA2FDD}.Debug|Any CPU.Build.0 = Debug|Any CPU
		{9CC63C0C-25DE-DD51-8C26-7E8A6CEA2FDD}.Release|Any CPU.ActiveCfg = Release|Any CPU
		{9CC63C0C-25DE-DD51-8C26-7E8A6CEA2FDD}.Release|Any CPU.Build.0 = Release|Any CPU
		{DF70B519-92E3-C46B-6D25-FA23F94A55DE}.Debug|Any CPU.ActiveCfg = Debug|Any CPU
		{DF70B519-92E3-C46B-6D25-FA23F94A55DE}.Debug|Any CPU.Build.0 = Debug|Any CPU
		{DF70B519-92E3-C46B-6D25-FA23F94A55DE}.Release|Any CPU.ActiveCfg = Release|Any CPU
		{DF70B519-92E3-C46B-6D25-FA23F94A55DE}.Release|Any CPU.Build.0 = Release|Any CPU
	EndGlobalSection
	GlobalSection(SolutionProperties) = preSolution
		HideSolutionNode = FALSE
	EndGlobalSection
	GlobalSection(MonoDevelopProperties) = preSolution
		StartupItem = Assembly-CSharp.csproj
	EndGlobalSection
EndGlobal
